
Microsoft Visual Studio Solution File, Format Version 12.00
# Visual Studio Version 17
VisualStudioVersion = 17.2.32519.379
MinimumVisualStudioVersion = 10.0.40219.1
Project("{9A19103F-16F7-4668-BE54-9A1E7A4F7556}") = "Sprachfeatures", "Sprachfeatures\Sprachfeatures.csproj", "{D7CF59F6-C1A9-40C0-A8BB-6FA2E9013F24}"
EndProject
Project("{9A19103F-16F7-4668-BE54-9A1E7A4F7556}") = "TopLevelStatements", "TopLevelStatements\TopLevelStatements.csproj", "{9C32C036-AE8F-4077-B171-A384A0594D0E}"
EndProject
Project("{9A19103F-16F7-4668-BE54-9A1E7A4F7556}") = "DelegatesEvents", "DelegatesEvents\DelegatesEvents.csproj", "{F51D7D30-A1C4-4252-BD4E-D64FBA06DD11}"
EndProject
Project("{9A19103F-16F7-4668-BE54-9A1E7A4F7556}") = "Generics", "Generics\Generics.csproj", "{7FD49558-654D-47A2-BEAD-420E7C33EFD6}"
EndProject
Project("{9A19103F-16F7-4668-BE54-9A1E7A4F7556}") = "Serialisierung", "Serialisierung\Serialisierung.csproj", "{A631F02E-312D-4424-AD35-F1594C4833F7}"
EndProject
Project("{9A19103F-16F7-4668-BE54-9A1E7A4F7556}") = "Multithreading", "Multithreading\Multithreading.csproj", "{884F045C-8CF0-43E3-8BE7-06DB6631A9B7}"
EndProject
Project("{9A19103F-16F7-4668-BE54-9A1E7A4F7556}") = "Multitasking", "Multitasking\Multitasking.csproj", "{DC87BA1E-E243-4EC6-8532-7321E820F0BA}"
EndProject
Project("{2150E333-8FDC-42A3-9474-1A3956D46DE8}") = "AsyncAwait", "AsyncAwait", "{D98320A9-93F8-4859-8DCF-0407CE9EF6AF}"
EndProject
Project("{9A19103F-16F7-4668-BE54-9A1E7A4F7556}") = "AsyncAwait", "AsyncAwait\AsyncAwait.csproj", "{6CE6C2EA-68D7-478D-B96C-598BE7562B27}"
EndProject
Project("{9A19103F-16F7-4668-BE54-9A1E7A4F7556}") = "AsyncAwaitWPF", "AsyncAwaitWPF\AsyncAwaitWPF.csproj", "{1E2B80A8-ACD4-440C-B74B-00C49408A669}"
EndProject
Project("{9A19103F-16F7-4668-BE54-9A1E7A4F7556}") = "AsyncAwaitLösung", "AsyncAwaitLösung\AsyncAwaitLösung.csproj", "{424D9FCE-62FA-4F89-8916-52CFCCDFEB74}"
EndProject
Project("{9A19103F-16F7-4668-BE54-9A1E7A4F7556}") = "Reflection", "Reflection\Reflection.csproj", "{FB9AE94F-95F3-402E-B366-D2DBC3C1674D}"
EndProject
Project("{2150E333-8FDC-42A3-9474-1A3956D46DE8}") = "PluginPattern", "PluginPattern", "{1DF1B232-E8FF-45F5-81DE-75FF911A6CF4}"
EndProject
Project("{9A19103F-16F7-4668-BE54-9A1E7A4F7556}") = "PluginBase", "PluginBase\PluginBase.csproj", "{3D36039F-088B-4FF9-BA84-2A0574270339}"
EndProject
Project("{9A19103F-16F7-4668-BE54-9A1E7A4F7556}") = "TestPlugin", "TestPlugin\TestPlugin.csproj", "{093FFCD4-9081-4E48-B735-7548BA88D74B}"
EndProject
Project("{9A19103F-16F7-4668-BE54-9A1E7A4F7556}") = "PluginClient", "PluginClient\PluginClient.csproj", "{F92E27F5-1B75-4038-BAD9-A474039E2517}"
EndProject
Project("{FAE04EC0-301F-11D3-BF4B-00C04F79EFBC}") = "LinqErweiterungsmethoden", "LinqErweiterungsmethoden\LinqErweiterungsmethoden.csproj", "{A7B58196-F7C9-4A1D-928B-7208FC9C26CB}"
EndProject
Global
	GlobalSection(SolutionConfigurationPlatforms) = preSolution
		Debug|Any CPU = Debug|Any CPU
		Release|Any CPU = Release|Any CPU
	EndGlobalSection
	GlobalSection(ProjectConfigurationPlatforms) = postSolution
		{D7CF59F6-C1A9-40C0-A8BB-6FA2E9013F24}.Debug|Any CPU.ActiveCfg = Debug|Any CPU
		{D7CF59F6-C1A9-40C0-A8BB-6FA2E9013F24}.Debug|Any CPU.Build.0 = Debug|Any CPU
		{D7CF59F6-C1A9-40C0-A8BB-6FA2E9013F24}.Release|Any CPU.ActiveCfg = Release|Any CPU
		{D7CF59F6-C1A9-40C0-A8BB-6FA2E9013F24}.Release|Any CPU.Build.0 = Release|Any CPU
		{9C32C036-AE8F-4077-B171-A384A0594D0E}.Debug|Any CPU.ActiveCfg = Debug|Any CPU
		{9C32C036-AE8F-4077-B171-A384A0594D0E}.Debug|Any CPU.Build.0 = Debug|Any CPU
		{9C32C036-AE8F-4077-B171-A384A0594D0E}.Release|Any CPU.ActiveCfg = Release|Any CPU
		{9C32C036-AE8F-4077-B171-A384A0594D0E}.Release|Any CPU.Build.0 = Release|Any CPU
		{F51D7D30-A1C4-4252-BD4E-D64FBA06DD11}.Debug|Any CPU.ActiveCfg = Debug|Any CPU
		{F51D7D30-A1C4-4252-BD4E-D64FBA06DD11}.Debug|Any CPU.Build.0 = Debug|Any CPU
		{F51D7D30-A1C4-4252-BD4E-D64FBA06DD11}.Release|Any CPU.ActiveCfg = Release|Any CPU
		{F51D7D30-A1C4-4252-BD4E-D64FBA06DD11}.Release|Any CPU.Build.0 = Release|Any CPU
		{7FD49558-654D-47A2-BEAD-420E7C33EFD6}.Debug|Any CPU.ActiveCfg = Debug|Any CPU
		{7FD49558-654D-47A2-BEAD-420E7C33EFD6}.Debug|Any CPU.Build.0 = Debug|Any CPU
		{7FD49558-654D-47A2-BEAD-420E7C33EFD6}.Release|Any CPU.ActiveCfg = Release|Any CPU
		{7FD49558-654D-47A2-BEAD-420E7C33EFD6}.Release|Any CPU.Build.0 = Release|Any CPU
		{A631F02E-312D-4424-AD35-F1594C4833F7}.Debug|Any CPU.ActiveCfg = Debug|Any CPU
		{A631F02E-312D-4424-AD35-F1594C4833F7}.Debug|Any CPU.Build.0 = Debug|Any CPU
		{A631F02E-312D-4424-AD35-F1594C4833F7}.Release|Any CPU.ActiveCfg = Release|Any CPU
		{A631F02E-312D-4424-AD35-F1594C4833F7}.Release|Any CPU.Build.0 = Release|Any CPU
		{884F045C-8CF0-43E3-8BE7-06DB6631A9B7}.Debug|Any CPU.ActiveCfg = Debug|Any CPU
		{884F045C-8CF0-43E3-8BE7-06DB6631A9B7}.Debug|Any CPU.Build.0 = Debug|Any CPU
		{884F045C-8CF0-43E3-8BE7-06DB6631A9B7}.Release|Any CPU.ActiveCfg = Release|Any CPU
		{884F045C-8CF0-43E3-8BE7-06DB6631A9B7}.Release|Any CPU.Build.0 = Release|Any CPU
		{DC87BA1E-E243-4EC6-8532-7321E820F0BA}.Debug|Any CPU.ActiveCfg = Debug|Any CPU
		{DC87BA1E-E243-4EC6-8532-7321E820F0BA}.Debug|Any CPU.Build.0 = Debug|Any CPU
		{DC87BA1E-E243-4EC6-8532-7321E820F0BA}.Release|Any CPU.ActiveCfg = Release|Any CPU
		{DC87BA1E-E243-4EC6-8532-7321E820F0BA}.Release|Any CPU.Build.0 = Release|Any CPU
		{6CE6C2EA-68D7-478D-B96C-598BE7562B27}.Debug|Any CPU.ActiveCfg = Debug|Any CPU
		{6CE6C2EA-68D7-478D-B96C-598BE7562B27}.Debug|Any CPU.Build.0 = Debug|Any CPU
		{6CE6C2EA-68D7-478D-B96C-598BE7562B27}.Release|Any CPU.ActiveCfg = Release|Any CPU
		{6CE6C2EA-68D7-478D-B96C-598BE7562B27}.Release|Any CPU.Build.0 = Release|Any CPU
		{1E2B80A8-ACD4-440C-B74B-00C49408A669}.Debug|Any CPU.ActiveCfg = Debug|Any CPU
		{1E2B80A8-ACD4-440C-B74B-00C49408A669}.Debug|Any CPU.Build.0 = Debug|Any CPU
		{1E2B80A8-ACD4-440C-B74B-00C49408A669}.Release|Any CPU.ActiveCfg = Release|Any CPU
		{1E2B80A8-ACD4-440C-B74B-00C49408A669}.Release|Any CPU.Build.0 = Release|Any CPU
		{424D9FCE-62FA-4F89-8916-52CFCCDFEB74}.Debug|Any CPU.ActiveCfg = Debug|Any CPU
		{424D9FCE-62FA-4F89-8916-52CFCCDFEB74}.Debug|Any CPU.Build.0 = Debug|Any CPU
		{424D9FCE-62FA-4F89-8916-52CFCCDFEB74}.Release|Any CPU.ActiveCfg = Release|Any CPU
		{424D9FCE-62FA-4F89-8916-52CFCCDFEB74}.Release|Any CPU.Build.0 = Release|Any CPU
		{FB9AE94F-95F3-402E-B366-D2DBC3C1674D}.Debug|Any CPU.ActiveCfg = Debug|Any CPU
		{FB9AE94F-95F3-402E-B366-D2DBC3C1674D}.Debug|Any CPU.Build.0 = Debug|Any CPU
		{FB9AE94F-95F3-402E-B366-D2DBC3C1674D}.Release|Any CPU.ActiveCfg = Release|Any CPU
		{FB9AE94F-95F3-402E-B366-D2DBC3C1674D}.Release|Any CPU.Build.0 = Release|Any CPU
		{3D36039F-088B-4FF9-BA84-2A0574270339}.Debug|Any CPU.ActiveCfg = Debug|Any CPU
		{3D36039F-088B-4FF9-BA84-2A0574270339}.Debug|Any CPU.Build.0 = Debug|Any CPU
		{3D36039F-088B-4FF9-BA84-2A0574270339}.Release|Any CPU.ActiveCfg = Release|Any CPU
		{3D36039F-088B-4FF9-BA84-2A0574270339}.Release|Any CPU.Build.0 = Release|Any CPU
		{093FFCD4-9081-4E48-B735-7548BA88D74B}.Debug|Any CPU.ActiveCfg = Debug|Any CPU
		{093FFCD4-9081-4E48-B735-7548BA88D74B}.Debug|Any CPU.Build.0 = Debug|Any CPU
		{093FFCD4-9081-4E48-B735-7548BA88D74B}.Release|Any CPU.ActiveCfg = Release|Any CPU
		{093FFCD4-9081-4E48-B735-7548BA88D74B}.Release|Any CPU.Build.0 = Release|Any CPU
		{F92E27F5-1B75-4038-BAD9-A474039E2517}.Debug|Any CPU.ActiveCfg = Debug|Any CPU
		{F92E27F5-1B75-4038-BAD9-A474039E2517}.Debug|Any CPU.Build.0 = Debug|Any CPU
		{F92E27F5-1B75-4038-BAD9-A474039E2517}.Release|Any CPU.ActiveCfg = Release|Any CPU
		{F92E27F5-1B75-4038-BAD9-A474039E2517}.Release|Any CPU.Build.0 = Release|Any CPU
		{A7B58196-F7C9-4A1D-928B-7208FC9C26CB}.Debug|Any CPU.ActiveCfg = Debug|Any CPU
		{A7B58196-F7C9-4A1D-928B-7208FC9C26CB}.Debug|Any CPU.Build.0 = Debug|Any CPU
		{A7B58196-F7C9-4A1D-928B-7208FC9C26CB}.Release|Any CPU.ActiveCfg = Release|Any CPU
		{A7B58196-F7C9-4A1D-928B-7208FC9C26CB}.Release|Any CPU.Build.0 = Release|Any CPU
	EndGlobalSection
	GlobalSection(SolutionProperties) = preSolution
		HideSolutionNode = FALSE
	EndGlobalSection
	GlobalSection(NestedProjects) = preSolution
		{6CE6C2EA-68D7-478D-B96C-598BE7562B27} = {D98320A9-93F8-4859-8DCF-0407CE9EF6AF}
		{1E2B80A8-ACD4-440C-B74B-00C49408A669} = {D98320A9-93F8-4859-8DCF-0407CE9EF6AF}
		{424D9FCE-62FA-4F89-8916-52CFCCDFEB74} = {D98320A9-93F8-4859-8DCF-0407CE9EF6AF}
		{3D36039F-088B-4FF9-BA84-2A0574270339} = {1DF1B232-E8FF-45F5-81DE-75FF911A6CF4}
		{093FFCD4-9081-4E48-B735-7548BA88D74B} = {1DF1B232-E8FF-45F5-81DE-75FF911A6CF4}
		{F92E27F5-1B75-4038-BAD9-A474039E2517} = {1DF1B232-E8FF-45F5-81DE-75FF911A6CF4}
	EndGlobalSection
	GlobalSection(ExtensibilityGlobals) = postSolution
		SolutionGuid = {1FC1FB2E-D04A-4BFF-A589-CC1939349B3C}
	EndGlobalSection
EndGlobal
