
Microsoft Visual Studio Solution File, Format Version 12.00
# Visual Studio Version 17
VisualStudioVersion = 17.2.32519.379
MinimumVisualStudioVersion = 10.0.40219.1
Project("{FAE04EC0-301F-11D3-BF4B-00C04F79EFBC}") = "Test", "Test\Test.csproj", "{D7CF59F6-C1A9-40C0-A8BB-6FA2E9013F24}"
EndProject
Project("{FAE04EC0-301F-11D3-BF4B-00C04F79EFBC}") = "TopLevelStatements", "TopLevelStatements\TopLevelStatements.csproj", "{9C32C036-AE8F-4077-B171-A384A0594D0E}"
EndProject
Project("{FAE04EC0-301F-11D3-BF4B-00C04F79EFBC}") = "DelegatesEvents", "DelegatesEvents\DelegatesEvents.csproj", "{F51D7D30-A1C4-4252-BD4E-D64FBA06DD11}"
EndProject
Global
	GlobalSection(SolutionConfigurationPlatforms) = preSolution
		Debug|Any CPU = Debug|Any CPU
		Release|Any CPU = Release|Any CPU
	EndGlobalSection
	GlobalSection(ProjectConfigurationPlatforms) = postSolution
		{D7CF59F6-C1A9-40C0-A8BB-6FA2E9013F24}.Debug|Any CPU.ActiveCfg = Debug|Any CPU
		{D7CF59F6-C1A9-40C0-A8BB-6FA2E9013F24}.Debug|Any CPU.Build.0 = Debug|Any CPU
		{D7CF59F6-C1A9-40C0-A8BB-6FA2E9013F24}.Release|Any CPU.ActiveCfg = Release|Any CPU
		{D7CF59F6-C1A9-40C0-A8BB-6FA2E9013F24}.Release|Any CPU.Build.0 = Release|Any CPU
		{9C32C036-AE8F-4077-B171-A384A0594D0E}.Debug|Any CPU.ActiveCfg = Debug|Any CPU
		{9C32C036-AE8F-4077-B171-A384A0594D0E}.Debug|Any CPU.Build.0 = Debug|Any CPU
		{9C32C036-AE8F-4077-B171-A384A0594D0E}.Release|Any CPU.ActiveCfg = Release|Any CPU
		{9C32C036-AE8F-4077-B171-A384A0594D0E}.Release|Any CPU.Build.0 = Release|Any CPU
		{F51D7D30-A1C4-4252-BD4E-D64FBA06DD11}.Debug|Any CPU.ActiveCfg = Debug|Any CPU
		{F51D7D30-A1C4-4252-BD4E-D64FBA06DD11}.Debug|Any CPU.Build.0 = Debug|Any CPU
		{F51D7D30-A1C4-4252-BD4E-D64FBA06DD11}.Release|Any CPU.ActiveCfg = Release|Any CPU
		{F51D7D30-A1C4-4252-BD4E-D64FBA06DD11}.Release|Any CPU.Build.0 = Release|Any CPU
	EndGlobalSection
	GlobalSection(SolutionProperties) = preSolution
		HideSolutionNode = FALSE
	EndGlobalSection
	GlobalSection(ExtensibilityGlobals) = postSolution
		SolutionGuid = {1FC1FB2E-D04A-4BFF-A589-CC1939349B3C}
	EndGlobalSection
EndGlobal
